// !$*UTF8*$!
{
	archiveVersion = 1;
	classes = {
	};
	objectVersion = 46;
	objects = {

/* Begin PBXBuildFile section */
		08B49F9B1C997C4100F7CCFB /* AppDelegate.swift in Sources */ = {isa = PBXBuildFile; fileRef = 08B49F9A1C997C4100F7CCFB /* AppDelegate.swift */; };
		08B49F9D1C997C4100F7CCFB /* ViewController.swift in Sources */ = {isa = PBXBuildFile; fileRef = 08B49F9C1C997C4100F7CCFB /* ViewController.swift */; };
		08B49FA01C997C4100F7CCFB /* Main.storyboard in Resources */ = {isa = PBXBuildFile; fileRef = 08B49F9E1C997C4100F7CCFB /* Main.storyboard */; };
		08B49FA21C997C4100F7CCFB /* Assets.xcassets in Resources */ = {isa = PBXBuildFile; fileRef = 08B49FA11C997C4100F7CCFB /* Assets.xcassets */; };
		08D734E41CA150470052B899 /* uku.png in Resources */ = {isa = PBXBuildFile; fileRef = 08D734E31CA150470052B899 /* uku.png */; };
/* End PBXBuildFile section */

/* Begin PBXFileReference section */
		08B49F971C997C4100F7CCFB /* helloworld.app */ = {isa = PBXFileReference; explicitFileType = wrapper.application; includeInIndex = 0; path = helloworld.app; sourceTree = BUILT_PRODUCTS_DIR; };
		08B49F9A1C997C4100F7CCFB /* AppDelegate.swift */ = {isa = PBXFileReference; lastKnownFileType = sourcecode.swift; path = AppDelegate.swift; sourceTree = "<group>"; };
		08B49F9C1C997C4100F7CCFB /* ViewController.swift */ = {isa = PBXFileReference; lastKnownFileType = sourcecode.swift; path = ViewController.swift; sourceTree = "<group>"; };
		08B49F9F1C997C4100F7CCFB /* Base */ = {isa = PBXFileReference; lastKnownFileType = file.storyboard; name = Base; path = Base.lproj/Main.storyboard; sourceTree = "<group>"; };
		08B49FA11C997C4100F7CCFB /* Assets.xcassets */ = {isa = PBXFileReference; lastKnownFileType = folder.assetcatalog; path = Assets.xcassets; sourceTree = "<group>"; };
		08B49FA61C997C4100F7CCFB /* Info.plist */ = {isa = PBXFileReference; lastKnownFileType = text.plist.xml; path = Info.plist; sourceTree = "<group>"; };
		08D734E31CA150470052B899 /* uku.png */ = {isa = PBXFileReference; lastKnownFileType = image.png; path = uku.png; sourceTree = "<group>"; };
/* End PBXFileReference section */

/* Begin PBXFrameworksBuildPhase section */
		08B49F941C997C4100F7CCFB /* Frameworks */ = {
			isa = PBXFrameworksBuildPhase;
			buildActionMask = 2147483647;
			files = (
			);
			runOnlyForDeploymentPostprocessing = 0;
		};
/* End PBXFrameworksBuildPhase section */

/* Begin PBXGroup section */
		08B49F8E1C997C4100F7CCFB = {
			isa = PBXGroup;
			children = (
				08B49F991C997C4100F7CCFB /* helloworld */,
				08B49F981C997C4100F7CCFB /* Products */,
			);
			sourceTree = "<group>";
		};
		08B49F981C997C4100F7CCFB /* Products */ = {
			isa = PBXGroup;
			children = (
				08B49F971C997C4100F7CCFB /* helloworld.app */,
			);
			name = Products;
			sourceTree = "<group>";
		};
		08B49F991C997C4100F7CCFB /* helloworld */ = {
			isa = PBXGroup;
			children = (
				08D734DF1CA14EF80052B899 /* Res */,
				08B49F9A1C997C4100F7CCFB /* AppDelegate.swift */,
				08B49F9C1C997C4100F7CCFB /* ViewController.swift */,
				08B49F9E1C997C4100F7CCFB /* Main.storyboard */,
				08B49FA11C997C4100F7CCFB /* Assets.xcassets */,
				08B49FA61C997C4100F7CCFB /* Info.plist */,
			);
			path = helloworld;
			sourceTree = "<group>";
		};
		08D734DF1CA14EF80052B899 /* Res */ = {
			isa = PBXGroup;
			children = (
				08D734E01CA14EFE0052B899 /* images */,
			);
			name = Res;
			sourceTree = "<group>";
		};
		08D734E01CA14EFE0052B899 /* images */ = {
			isa = PBXGroup;
			children = (
				08D734E31CA150470052B899 /* uku.png */,
			);
			name = images;
			sourceTree = "<group>";
		};
/* End PBXGroup section */

/* Begin PBXNativeTarget section */
		08B49F961C997C4100F7CCFB /* helloworld */ = {
			isa = PBXNativeTarget;
			buildConfigurationList = 08B49FA91C997C4100F7CCFB /* Build configuration list for PBXNativeTarget "helloworld" */;
			buildPhases = (
				08B49F931C997C4100F7CCFB /* Sources */,
				08B49F941C997C4100F7CCFB /* Frameworks */,
				08B49F951C997C4100F7CCFB /* Resources */,
			);
			buildRules = (
			);
			dependencies = (
			);
			name = helloworld;
			productName = helloworld;
			productReference = 08B49F971C997C4100F7CCFB /* helloworld.app */;
			productType = "com.apple.product-type.application";
		};
/* End PBXNativeTarget section */

/* Begin PBXProject section */
		08B49F8F1C997C4100F7CCFB /* Project object */ = {
			isa = PBXProject;
			attributes = {
				LastSwiftUpdateCheck = 0720;
				LastUpgradeCheck = 0720;
				ORGANIZATIONNAME = ANDYYU;
				TargetAttributes = {
					08B49F961C997C4100F7CCFB = {
						CreatedOnToolsVersion = 7.2.1;
						DevelopmentTeam = BA4BDK93U9;
					};
				};
			};
			buildConfigurationList = 08B49F921C997C4100F7CCFB /* Build configuration list for PBXProject "helloworld" */;
			compatibilityVersion = "Xcode 3.2";
			developmentRegion = English;
			hasScannedForEncodings = 0;
			knownRegions = (
				en,
				Base,
			);
			mainGroup = 08B49F8E1C997C4100F7CCFB;
			productRefGroup = 08B49F981C997C4100F7CCFB /* Products */;
			projectDirPath = "";
			projectRoot = "";
			targets = (
				08B49F961C997C4100F7CCFB /* helloworld */,
			);
		};
/* End PBXProject section */

/* Begin PBXResourcesBuildPhase section */
		08B49F951C997C4100F7CCFB /* Resources */ = {
			isa = PBXResourcesBuildPhase;
			buildActionMask = 2147483647;
			files = (
				08B49FA21C997C4100F7CCFB /* Assets.xcassets in Resources */,
				08B49FA01C997C4100F7CCFB /* Main.storyboard in Resources */,
				08D734E41CA150470052B899 /* uku.png in Resources */,
			);
			runOnlyForDeploymentPostprocessing = 0;
		};
/* End PBXResourcesBuildPhase section */

/* Begin PBXSourcesBuildPhase section */
		08B49F931C997C4100F7CCFB /* Sources */ = {
			isa = PBXSourcesBuildPhase;
			buildActionMask = 2147483647;
			files = (
				08B49F9D1C997C4100F7CCFB /* ViewController.swift in Sources */,
				08B49F9B1C997C4100F7CCFB /* AppDelegate.swift in Sources */,
			);
			runOnlyForDeploymentPostprocessing = 0;
		};
/* End PBXSourcesBuildPhase section */

/* Begin PBXVariantGroup section */
		08B49F9E1C997C4100F7CCFB /* Main.storyboard */ = {
			isa = PBXVariantGroup;
			children = (
				08B49F9F1C997C4100F7CCFB /* Base */,
			);
			name = Main.storyboard;
			sourceTree = "<group>";
		};
/* End PBXVariantGroup section */

/* Begin XCBuildConfiguration section */
		08B49FA71C997C4100F7CCFB /* Debug */ = {
			isa = XCBuildConfiguration;
			buildSettings = {
				ALWAYS_SEARCH_USER_PATHS = NO;
				CLANG_CXX_LANGUAGE_STANDARD = "gnu++0x";
				CLANG_CXX_LIBRARY = "libc++";
				CLANG_ENABLE_MODULES = YES;
				CLANG_ENABLE_OBJC_ARC = YES;
				CLANG_WARN_BOOL_CONVERSION = YES;
				CLANG_WARN_CONSTANT_CONVERSION = YES;
				CLANG_WARN_DIRECT_OBJC_ISA_USAGE = YES_ERROR;
				CLANG_WARN_EMPTY_BODY = YES;
				CLANG_WARN_ENUM_CONVERSION = YES;
				CLANG_WARN_INT_CONVERSION = YES;
				CLANG_WARN_OBJC_ROOT_CLASS = YES_ERROR;
				CLANG_WARN_UNREACHABLE_CODE = YES;
				CLANG_WARN__DUPLICATE_METHOD_MATCH = YES;
				"CODE_SIGN_IDENTITY[sdk=iphoneos*]" = "iPhone Developer";
				COPY_PHASE_STRIP = NO;
				DEBUG_INFORMATION_FORMAT = dwarf;
				ENABLE_STRICT_OBJC_MSGSEND = YES;
				ENABLE_TESTABILITY = YES;
				GCC_C_LANGUAGE_STANDARD = gnu99;
				GCC_DYNAMIC_NO_PIC = NO;
				GCC_NO_COMMON_BLOCKS = YES;
				GCC_OPTIMIZATION_LEVEL = 0;
				GCC_PREPROCESSOR_DEFINITIONS = (
					"DEBUG=1",
					"$(inherited)",
				);
				GCC_WARN_64_TO_32_BIT_CONVERSION = YES;
				GCC_WARN_ABOUT_RETURN_TYPE = YES_ERROR;
				GCC_WARN_UNDECLARED_SELECTOR = YES;
				GCC_WARN_UNINITIALIZED_AUTOS = YES_AGGRESSIVE;
				GCC_WARN_UNUSED_FUNCTION = YES;
				GCC_WARN_UNUSED_VARIABLE = YES;
				IPHONEOS_DEPLOYMENT_TARGET = 9.2;
				MTL_ENABLE_DEBUG_INFO = YES;
				ONLY_ACTIVE_ARCH = YES;
				SDKROOT = iphoneos;
				SWIFT_OPTIMIZATION_LEVEL = "-Onone";
			};
			name = Debug;
		};
		08B49FA81C997C4100F7CCFB /* Release */ = {
			isa = XCBuildConfiguration;
			buildSettings = {
				ALWAYS_SEARCH_USER_PATHS = NO;
				CLANG_CXX_LANGUAGE_STANDARD = "gnu++0x";
				CLANG_CXX_LIBRARY = "libc++";
				CLANG_ENABLE_MODULES = YES;
				CLANG_ENABLE_OBJC_ARC = YES;
				CLANG_WARN_BOOL_CONVERSION = YES;
				CLANG_WARN_CONSTANT_CONVERSION = YES;
				CLANG_WARN_DIRECT_OBJC_ISA_USAGE = YES_ERROR;
				CLANG_WARN_EMPTY_BODY = YES;
				CLANG_WARN_ENUM_CONVERSION = YES;
				CLANG_WARN_INT_CONVERSION = YES;
				CLANG_WARN_OBJC_ROOT_CLASS = YES_ERROR;
				CLANG_WARN_UNREACHABLE_CODE = YES;
				CLANG_WARN__DUPLICATE_METHOD_MATCH = YES;
				"CODE_SIGN_IDENTITY[sdk=iphoneos*]" = "iPhone Developer";
				COPY_PHASE_STRIP = NO;
				DEBUG_INFORMATION_FORMAT = "dwarf-with-dsym";
				ENABLE_NS_ASSERTIONS = NO;
				ENABLE_STRICT_OBJC_MSGSEND = YES;
				GCC_C_LANGUAGE_STANDARD = gnu99;
				GCC_NO_COMMON_BLOCKS = YES;
				GCC_WARN_64_TO_32_BIT_CONVERSION = YES;
				GCC_WARN_ABOUT_RETURN_TYPE = YES_ERROR;
				GCC_WARN_UNDECLARED_SELECTOR = YES;
				GCC_WARN_UNINITIALIZED_AUTOS = YES_AGGRESSIVE;
				GCC_WARN_UNUSED_FUNCTION = YES;
				GCC_WARN_UNUSED_VARIABLE = YES;
				IPHONEOS_DEPLOYMENT_TARGET = 9.2;
				MTL_ENABLE_DEBUG_INFO = NO;
				SDKROOT = iphoneos;
				VALIDATE_PRODUCT = YES;
			};
			name = Release;
		};
		08B49FAA1C997C4100F7CCFB /* Debug */ = {
			isa = XCBuildConfiguration;
			buildSettings = {
				ASSETCATALOG_COMPILER_APPICON_NAME = AppIcon;
				CODE_SIGN_IDENTITY = "iPhone Developer";
				INFOPLIST_FILE = helloworld/Info.plist;
				LD_RUNPATH_SEARCH_PATHS = "$(inherited) @executable_path/Frameworks";
				PRODUCT_BUNDLE_IDENTIFIER = com.andyyu.helloworld;
				PRODUCT_NAME = "$(TARGET_NAME)";
			};
			name = Debug;
		};
		08B49FAB1C997C4100F7CCFB /* Release */ = {
			isa = XCBuildConfiguration;
			buildSettings = {
				ASSETCATALOG_COMPILER_APPICON_NAME = AppIcon;
				CODE_SIGN_IDENTITY = "iPhone Developer";
				INFOPLIST_FILE = helloworld/Info.plist;
				LD_RUNPATH_SEARCH_PATHS = "$(inherited) @executable_path/Frameworks";
				PRODUCT_BUNDLE_IDENTIFIER = com.andyyu.helloworld;
				PRODUCT_NAME = "$(TARGET_NAME)";
			};
			name = Release;
		};
/* End XCBuildConfiguration section */

/* Begin XCConfigurationList section */
		08B49F921C997C4100F7CCFB /* Build configuration list for PBXProject "helloworld" */ = {
			isa = XCConfigurationList;
			buildConfigurations = (
				08B49FA71C997C4100F7CCFB /* Debug */,
				08B49FA81C997C4100F7CCFB /* Release */,
			);
			defaultConfigurationIsVisible = 0;
			defaultConfigurationName = Release;
		};
		08B49FA91C997C4100F7CCFB /* Build configuration list for PBXNativeTarget "helloworld" */ = {
			isa = XCConfigurationList;
			buildConfigurations = (
				08B49FAA1C997C4100F7CCFB /* Debug */,
				08B49FAB1C997C4100F7CCFB /* Release */,
			);
			defaultConfigurationIsVisible = 0;
			defaultConfigurationName = Release;
		};
/* End XCConfigurationList section */
	};
	rootObject = 08B49F8F1C997C4100F7CCFB /* Project object */;
}
